
Microsoft Visual Studio Solution File, Format Version 12.00
# Visual Studio Version 17
VisualStudioVersion = 17.11.35312.102
MinimumVisualStudioVersion = 10.0.40219.1
Project("{FAE04EC0-301F-11D3-BF4B-00C04F79EFBC}") = "EM.Domain", "EM.Domain\EM.Domain.csproj", "{955DEAC2-A38B-4676-A8CB-16B1A2612789}"
EndProject
Project("{FAE04EC0-301F-11D3-BF4B-00C04F79EFBC}") = "EM.Data", "EM.Data\EM.Data.csproj", "{7DD5A764-1883-405C-AA95-8105C415C16C}"
EndProject
Global
	GlobalSection(SolutionConfigurationPlatforms) = preSolution
		Debug|Any CPU = Debug|Any CPU
		Release|Any CPU = Release|Any CPU
	EndGlobalSection
	GlobalSection(ProjectConfigurationPlatforms) = postSolution
		{955DEAC2-A38B-4676-A8CB-16B1A2612789}.Debug|Any CPU.ActiveCfg = Debug|Any CPU
		{955DEAC2-A38B-4676-A8CB-16B1A2612789}.Debug|Any CPU.Build.0 = Debug|Any CPU
		{955DEAC2-A38B-4676-A8CB-16B1A2612789}.Release|Any CPU.ActiveCfg = Release|Any CPU
		{955DEAC2-A38B-4676-A8CB-16B1A2612789}.Release|Any CPU.Build.0 = Release|Any CPU
		{7DD5A764-1883-405C-AA95-8105C415C16C}.Debug|Any CPU.ActiveCfg = Debug|Any CPU
		{7DD5A764-1883-405C-AA95-8105C415C16C}.Debug|Any CPU.Build.0 = Debug|Any CPU
		{7DD5A764-1883-405C-AA95-8105C415C16C}.Release|Any CPU.ActiveCfg = Release|Any CPU
		{7DD5A764-1883-405C-AA95-8105C415C16C}.Release|Any CPU.Build.0 = Release|Any CPU
	EndGlobalSection
	GlobalSection(SolutionProperties) = preSolution
		HideSolutionNode = FALSE
	EndGlobalSection
	GlobalSection(ExtensibilityGlobals) = postSolution
		SolutionGuid = {A9F675BF-D7D7-4A34-9156-FEEA24CF4E50}
	EndGlobalSection
EndGlobal
